dependencies:
- name: opentelemetry-collector
  repository: https://open-telemetry.github.io/opentelemetry-helm-charts
  version: 0.139.0
- name: opentelemetry-collector
  repository: https://open-telemetry.github.io/opentelemetry-helm-charts
  version: 0.139.0
digest: sha256:819e0646bfb9916a90986013aa0981439584c5ffcf27d82ce56839e58b966694
generated: "2026-05-21T23:31:10.340123365-03:00"
